
Microsoft Visual Studio Solution File, Format Version 12.00
# Visual Studio Version 16
VisualStudioVersion = 16.0.31424.327
MinimumVisualStudioVersion = 10.0.40219.1
Project("{9A19103F-16F7-4668-BE54-9A1E7A4F7556}") = "Employee1.Web", "Employee1.Web\Employee1.Web.csproj", "{9EF2F536-9912-40F6-BD69-B10FDEA4B7A9}"
EndProject
Project("{9A19103F-16F7-4668-BE54-9A1E7A4F7556}") = "EmployeeServices", "EmployeeServices\EmployeeServices.csproj", "{997FF25E-86AB-4B92-B613-B9DD35D8590F}"
EndProject
Project("{FAE04EC0-301F-11D3-BF4B-00C04F79EFBC}") = "Employee.Core", "Employee.Core\Employee.Core.csproj", "{7363B411-7AA4-445E-98B7-BFFE3775507D}"
EndProject
Global
	GlobalSection(SolutionConfigurationPlatforms) = preSolution
		Debug|Any CPU = Debug|Any CPU
		Release|Any CPU = Release|Any CPU
	EndGlobalSection
	GlobalSection(ProjectConfigurationPlatforms) = postSolution
		{9EF2F536-9912-40F6-BD69-B10FDEA4B7A9}.Debug|Any CPU.ActiveCfg = Debug|Any CPU
		{9EF2F536-9912-40F6-BD69-B10FDEA4B7A9}.Debug|Any CPU.Build.0 = Debug|Any CPU
		{9EF2F536-9912-40F6-BD69-B10FDEA4B7A9}.Release|Any CPU.ActiveCfg = Release|Any CPU
		{9EF2F536-9912-40F6-BD69-B10FDEA4B7A9}.Release|Any CPU.Build.0 = Release|Any CPU
		{997FF25E-86AB-4B92-B613-B9DD35D8590F}.Debug|Any CPU.ActiveCfg = Debug|Any CPU
		{997FF25E-86AB-4B92-B613-B9DD35D8590F}.Debug|Any CPU.Build.0 = Debug|Any CPU
		{997FF25E-86AB-4B92-B613-B9DD35D8590F}.Release|Any CPU.ActiveCfg = Release|Any CPU
		{997FF25E-86AB-4B92-B613-B9DD35D8590F}.Release|Any CPU.Build.0 = Release|Any CPU
		{7363B411-7AA4-445E-98B7-BFFE3775507D}.Debug|Any CPU.ActiveCfg = Debug|Any CPU
		{7363B411-7AA4-445E-98B7-BFFE3775507D}.Debug|Any CPU.Build.0 = Debug|Any CPU
		{7363B411-7AA4-445E-98B7-BFFE3775507D}.Release|Any CPU.ActiveCfg = Release|Any CPU
		{7363B411-7AA4-445E-98B7-BFFE3775507D}.Release|Any CPU.Build.0 = Release|Any CPU
	EndGlobalSection
	GlobalSection(SolutionProperties) = preSolution
		HideSolutionNode = FALSE
	EndGlobalSection
	GlobalSection(ExtensibilityGlobals) = postSolution
		SolutionGuid = {54BD416D-286A-400F-9A49-5B0F194030A8}
	EndGlobalSection
EndGlobal
